# This file is automatically generated by rhiza. Do not edit it manually.
---
sha: 2675ffa0df4721dfb361770e2d7da6c91fe0b5f9
repo: jebel-quant/rhiza
host: github
ref: v0.8.0
include: []
exclude: []
templates:
  - devcontainer
  - github
  - core
  - legal
  - tests
  - presentation
  - book
  - marimo
synced_at: '2026-03-02T00:29:02Z'
strategy: merge
